// !$*UTF8*$!
{
	archiveVersion = 1;
	classes = {
	};
	objectVersion = 48;
	objects = {

/* Begin PBXBuildFile section */
		446E34952081EBFF00095209 /* AppDelegate.swift in Sources */ = {isa = PBXBuildFile; fileRef = 446E34942081EBFF00095209 /* AppDelegate.swift */; };
		446E34972081EBFF00095209 /* FirstViewController.swift in Sources */ = {isa = PBXBuildFile; fileRef = 446E34962081EBFF00095209 /* FirstViewController.swift */; };
		446E34992081EBFF00095209 /* SecondViewController.swift in Sources */ = {isa = PBXBuildFile; fileRef = 446E34982081EBFF00095209 /* SecondViewController.swift */; };
		446E349C2081EBFF00095209 /* Main.storyboard in Resources */ = {isa = PBXBuildFile; fileRef = 446E349A2081EBFF00095209 /* Main.storyboard */; };
		446E349E2081EBFF00095209 /* Assets.xcassets in Resources */ = {isa = PBXBuildFile; fileRef = 446E349D2081EBFF00095209 /* Assets.xcassets */; };
		446E34A12081EBFF00095209 /* LaunchScreen.storyboard in Resources */ = {isa = PBXBuildFile; fileRef = 446E349F2081EBFF00095209 /* LaunchScreen.storyboard */; };
		446E34A9208204A500095209 /* LoginViewController.swift in Sources */ = {isa = PBXBuildFile; fileRef = 446E34A8208204A500095209 /* LoginViewController.swift */; };
		446E34AA2082067000095209 /* FBSDKLoginKit.framework in Frameworks */ = {isa = PBXBuildFile; fileRef = 446E34AB2082067000095209 /* FBSDKLoginKit.framework */; };
		446E34AD20820AF100095209 /* FriendsWorkoutAPI.swift in Sources */ = {isa = PBXBuildFile; fileRef = 446E34AC20820AF100095209 /* FriendsWorkoutAPI.swift */; };
		446E34AF2082110000095209 /* Utils.swift in Sources */ = {isa = PBXBuildFile; fileRef = 446E34AE2082110000095209 /* Utils.swift */; };
		446E34B12082119900095209 /* Config.swift in Sources */ = {isa = PBXBuildFile; fileRef = 446E34B02082119900095209 /* Config.swift */; };
		446E34B42082127100095209 /* Authentication.swift in Sources */ = {isa = PBXBuildFile; fileRef = 446E34B32082127100095209 /* Authentication.swift */; };
		446E34B6208218A600095209 /* HealthKitManager.swift in Sources */ = {isa = PBXBuildFile; fileRef = 446E34B5208218A600095209 /* HealthKitManager.swift */; };
		5095D15A61815DF0D3BE02D4 /* Pods_ihs_hackathon_hs2.framework in Frameworks */ = {isa = PBXBuildFile; fileRef = E2675CF522563C7799A66728 /* Pods_ihs_hackathon_hs2.framework */; };
/* End PBXBuildFile section */

/* Begin PBXFileReference section */
		3F9222984085222BF94EA3E8 /* Pods-ihs-hackathon-hs2.debug.xcconfig */ = {isa = PBXFileReference; includeInIndex = 1; lastKnownFileType = text.xcconfig; name = "Pods-ihs-hackathon-hs2.debug.xcconfig"; path = "Pods/Target Support Files/Pods-ihs-hackathon-hs2/Pods-ihs-hackathon-hs2.debug.xcconfig"; sourceTree = "<group>"; };
		446E34912081EBFF00095209 /* ihs-hackathon-hs2.app */ = {isa = PBXFileReference; explicitFileType = wrapper.application; includeInIndex = 0; path = "ihs-hackathon-hs2.app"; sourceTree = BUILT_PRODUCTS_DIR; };
		446E34942081EBFF00095209 /* AppDelegate.swift */ = {isa = PBXFileReference; lastKnownFileType = sourcecode.swift; path = AppDelegate.swift; sourceTree = "<group>"; };
		446E34962081EBFF00095209 /* FirstViewController.swift */ = {isa = PBXFileReference; lastKnownFileType = sourcecode.swift; path = FirstViewController.swift; sourceTree = "<group>"; };
		446E34982081EBFF00095209 /* SecondViewController.swift */ = {isa = PBXFileReference; lastKnownFileType = sourcecode.swift; path = SecondViewController.swift; sourceTree = "<group>"; };
		446E349B2081EBFF00095209 /* Base */ = {isa = PBXFileReference; lastKnownFileType = file.storyboard; name = Base; path = Base.lproj/Main.storyboard; sourceTree = "<group>"; };
		446E349D2081EBFF00095209 /* Assets.xcassets */ = {isa = PBXFileReference; lastKnownFileType = folder.assetcatalog; path = Assets.xcassets; sourceTree = "<group>"; };
		446E34A02081EBFF00095209 /* Base */ = {isa = PBXFileReference; lastKnownFileType = file.storyboard; name = Base; path = Base.lproj/LaunchScreen.storyboard; sourceTree = "<group>"; };
		446E34A22081EBFF00095209 /* Info.plist */ = {isa = PBXFileReference; lastKnownFileType = text.plist.xml; path = Info.plist; sourceTree = "<group>"; };
		446E34A8208204A500095209 /* LoginViewController.swift */ = {isa = PBXFileReference; lastKnownFileType = sourcecode.swift; path = LoginViewController.swift; sourceTree = "<group>"; };
		446E34AB2082067000095209 /* FBSDKLoginKit.framework */ = {isa = PBXFileReference; explicitFileType = wrapper.framework; path = FBSDKLoginKit.framework; sourceTree = BUILT_PRODUCTS_DIR; };
		446E34AC20820AF100095209 /* FriendsWorkoutAPI.swift */ = {isa = PBXFileReference; lastKnownFileType = sourcecode.swift; path = FriendsWorkoutAPI.swift; sourceTree = "<group>"; };
		446E34AE2082110000095209 /* Utils.swift */ = {isa = PBXFileReference; lastKnownFileType = sourcecode.swift; path = Utils.swift; sourceTree = "<group>"; };
		446E34B02082119900095209 /* Config.swift */ = {isa = PBXFileReference; lastKnownFileType = sourcecode.swift; path = Config.swift; sourceTree = "<group>"; };
		446E34B32082127100095209 /* Authentication.swift */ = {isa = PBXFileReference; lastKnownFileType = sourcecode.swift; path = Authentication.swift; sourceTree = "<group>"; };
		446E34B5208218A600095209 /* HealthKitManager.swift */ = {isa = PBXFileReference; lastKnownFileType = sourcecode.swift; path = HealthKitManager.swift; sourceTree = "<group>"; };
		CE820E89AF0886B8ED43B8B5 /* Pods-ihs-hackathon-hs2.release.xcconfig */ = {isa = PBXFileReference; includeInIndex = 1; lastKnownFileType = text.xcconfig; name = "Pods-ihs-hackathon-hs2.release.xcconfig"; path = "Pods/Target Support Files/Pods-ihs-hackathon-hs2/Pods-ihs-hackathon-hs2.release.xcconfig"; sourceTree = "<group>"; };
		E2675CF522563C7799A66728 /* Pods_ihs_hackathon_hs2.framework */ = {isa = PBXFileReference; explicitFileType = wrapper.framework; includeInIndex = 0; path = Pods_ihs_hackathon_hs2.framework; sourceTree = BUILT_PRODUCTS_DIR; };
/* End PBXFileReference section */

/* Begin PBXFrameworksBuildPhase section */
		446E348E2081EBFF00095209 /* Frameworks */ = {
			isa = PBXFrameworksBuildPhase;
			buildActionMask = 2147483647;
			files = (
				446E34AA2082067000095209 /* FBSDKLoginKit.framework in Frameworks */,
				5095D15A61815DF0D3BE02D4 /* Pods_ihs_hackathon_hs2.framework in Frameworks */,
			);
			runOnlyForDeploymentPostprocessing = 0;
		};
/* End PBXFrameworksBuildPhase section */

/* Begin PBXGroup section */
		446E34882081EBFF00095209 = {
			isa = PBXGroup;
			children = (
				446E34932081EBFF00095209 /* ihs-hackathon-hs2 */,
				446E34922081EBFF00095209 /* Products */,
				AF2D5E788D68D92DC4288FBF /* Pods */,
				9E9627033C0D243C854D1419 /* Frameworks */,
			);
			sourceTree = "<group>";
		};
		446E34922081EBFF00095209 /* Products */ = {
			isa = PBXGroup;
			children = (
				446E34912081EBFF00095209 /* ihs-hackathon-hs2.app */,
			);
			name = Products;
			sourceTree = "<group>";
		};
		446E34932081EBFF00095209 /* ihs-hackathon-hs2 */ = {
			isa = PBXGroup;
			children = (
				446E34B22082126800095209 /* Networking */,
				446E34942081EBFF00095209 /* AppDelegate.swift */,
				446E34962081EBFF00095209 /* FirstViewController.swift */,
				446E34982081EBFF00095209 /* SecondViewController.swift */,
				446E34A8208204A500095209 /* LoginViewController.swift */,
				446E349A2081EBFF00095209 /* Main.storyboard */,
				446E349D2081EBFF00095209 /* Assets.xcassets */,
				446E349F2081EBFF00095209 /* LaunchScreen.storyboard */,
				446E34A22081EBFF00095209 /* Info.plist */,
				446E34AE2082110000095209 /* Utils.swift */,
				446E34B02082119900095209 /* Config.swift */,
				446E34B5208218A600095209 /* HealthKitManager.swift */,
			);
			path = "ihs-hackathon-hs2";
			sourceTree = "<group>";
		};
		446E34B22082126800095209 /* Networking */ = {
			isa = PBXGroup;
			children = (
				446E34B32082127100095209 /* Authentication.swift */,
				446E34AC20820AF100095209 /* FriendsWorkoutAPI.swift */,
			);
			path = Networking;
			sourceTree = "<group>";
		};
		9E9627033C0D243C854D1419 /* Frameworks */ = {
			isa = PBXGroup;
			children = (
				446E34AB2082067000095209 /* FBSDKLoginKit.framework */,
				E2675CF522563C7799A66728 /* Pods_ihs_hackathon_hs2.framework */,
			);
			name = Frameworks;
			sourceTree = "<group>";
		};
		AF2D5E788D68D92DC4288FBF /* Pods */ = {
			isa = PBXGroup;
			children = (
				3F9222984085222BF94EA3E8 /* Pods-ihs-hackathon-hs2.debug.xcconfig */,
				CE820E89AF0886B8ED43B8B5 /* Pods-ihs-hackathon-hs2.release.xcconfig */,
			);
			name = Pods;
			sourceTree = "<group>";
		};
/* End PBXGroup section */

/* Begin PBXNativeTarget section */
		446E34902081EBFF00095209 /* ihs-hackathon-hs2 */ = {
			isa = PBXNativeTarget;
			buildConfigurationList = 446E34A52081EBFF00095209 /* Build configuration list for PBXNativeTarget "ihs-hackathon-hs2" */;
			buildPhases = (
				922A2E7203C0440B28D018B4 /* [CP] Check Pods Manifest.lock */,
				446E348D2081EBFF00095209 /* Sources */,
				446E348E2081EBFF00095209 /* Frameworks */,
				446E348F2081EBFF00095209 /* Resources */,
				141A0CCC681AFE561FDFAE0F /* [CP] Embed Pods Frameworks */,
				EE3C9D567D53267EA39E4359 /* [CP] Copy Pods Resources */,
			);
			buildRules = (
			);
			dependencies = (
			);
			name = "ihs-hackathon-hs2";
			productName = "ihs-hackathon-hs2";
			productReference = 446E34912081EBFF00095209 /* ihs-hackathon-hs2.app */;
			productType = "com.apple.product-type.application";
		};
/* End PBXNativeTarget section */

/* Begin PBXProject section */
		446E34892081EBFF00095209 /* Project object */ = {
			isa = PBXProject;
			attributes = {
				LastSwiftUpdateCheck = 0920;
				LastUpgradeCheck = 0920;
				ORGANIZATIONNAME = hs2;
				TargetAttributes = {
					446E34902081EBFF00095209 = {
						CreatedOnToolsVersion = 9.2;
						ProvisioningStyle = Automatic;
					};
				};
			};
			buildConfigurationList = 446E348C2081EBFF00095209 /* Build configuration list for PBXProject "ihs-hackathon-hs2" */;
			compatibilityVersion = "Xcode 8.0";
			developmentRegion = en;
			hasScannedForEncodings = 0;
			knownRegions = (
				en,
				Base,
			);
			mainGroup = 446E34882081EBFF00095209;
			productRefGroup = 446E34922081EBFF00095209 /* Products */;
			projectDirPath = "";
			projectRoot = "";
			targets = (
				446E34902081EBFF00095209 /* ihs-hackathon-hs2 */,
			);
		};
/* End PBXProject section */

/* Begin PBXResourcesBuildPhase section */
		446E348F2081EBFF00095209 /* Resources */ = {
			isa = PBXResourcesBuildPhase;
			buildActionMask = 2147483647;
			files = (
				446E34A12081EBFF00095209 /* LaunchScreen.storyboard in Resources */,
				446E349E2081EBFF00095209 /* Assets.xcassets in Resources */,
				446E349C2081EBFF00095209 /* Main.storyboard in Resources */,
			);
			runOnlyForDeploymentPostprocessing = 0;
		};
/* End PBXResourcesBuildPhase section */

/* Begin PBXShellScriptBuildPhase section */
		141A0CCC681AFE561FDFAE0F /* [CP] Embed Pods Frameworks */ = {
			isa = PBXShellScriptBuildPhase;
			buildActionMask = 2147483647;
			files = (
			);
			inputPaths = (
				"${SRCROOT}/Pods/Target Support Files/Pods-ihs-hackathon-hs2/Pods-ihs-hackathon-hs2-frameworks.sh",
				"${BUILT_PRODUCTS_DIR}/Alamofire/Alamofire.framework",
				"${BUILT_PRODUCTS_DIR}/Argo/Argo.framework",
				"${BUILT_PRODUCTS_DIR}/Bolts/Bolts.framework",
				"${BUILT_PRODUCTS_DIR}/Curry/Curry.framework",
				"${BUILT_PRODUCTS_DIR}/FBSDKCoreKit/FBSDKCoreKit.framework",
				"${BUILT_PRODUCTS_DIR}/FBSDKLoginKit/FBSDKLoginKit.framework",
				"${BUILT_PRODUCTS_DIR}/FBSDKShareKit/FBSDKShareKit.framework",
				"${BUILT_PRODUCTS_DIR}/FacebookCore/FacebookCore.framework",
				"${BUILT_PRODUCTS_DIR}/FacebookLogin/FacebookLogin.framework",
				"${BUILT_PRODUCTS_DIR}/FacebookShare/FacebookShare.framework",
				"${BUILT_PRODUCTS_DIR}/KeychainSwift/KeychainSwift.framework",
				"${BUILT_PRODUCTS_DIR}/Moya/Moya.framework",
				"${BUILT_PRODUCTS_DIR}/Moya-Argo/Moya_Argo.framework",
				"${BUILT_PRODUCTS_DIR}/Result/Result.framework",
				"${BUILT_PRODUCTS_DIR}/Runes/Runes.framework",
				"${BUILT_PRODUCTS_DIR}/SwiftDate/SwiftDate.framework",
				"${BUILT_PRODUCTS_DIR}/SwiftyJSON/SwiftyJSON.framework",
				"${BUILT_PRODUCTS_DIR}/Toast-Swift/Toast_Swift.framework",
			);
			name = "[CP] Embed Pods Frameworks";
			outputPaths = (
				"${TARGET_BUILD_DIR}/${FRAMEWORKS_FOLDER_PATH}/Alamofire.framework",
				"${TARGET_BUILD_DIR}/${FRAMEWORKS_FOLDER_PATH}/Argo.framework",
				"${TARGET_BUILD_DIR}/${FRAMEWORKS_FOLDER_PATH}/Bolts.framework",
				"${TARGET_BUILD_DIR}/${FRAMEWORKS_FOLDER_PATH}/Curry.framework",
				"${TARGET_BUILD_DIR}/${FRAMEWORKS_FOLDER_PATH}/FBSDKCoreKit.framework",
				"${TARGET_BUILD_DIR}/${FRAMEWORKS_FOLDER_PATH}/FBSDKLoginKit.framework",
				"${TARGET_BUILD_DIR}/${FRAMEWORKS_FOLDER_PATH}/FBSDKShareKit.framework",
				"${TARGET_BUILD_DIR}/${FRAMEWORKS_FOLDER_PATH}/FacebookCore.framework",
				"${TARGET_BUILD_DIR}/${FRAMEWORKS_FOLDER_PATH}/FacebookLogin.framework",
				"${TARGET_BUILD_DIR}/${FRAMEWORKS_FOLDER_PATH}/FacebookShare.framework",
				"${TARGET_BUILD_DIR}/${FRAMEWORKS_FOLDER_PATH}/KeychainSwift.framework",
				"${TARGET_BUILD_DIR}/${FRAMEWORKS_FOLDER_PATH}/Moya.framework",
				"${TARGET_BUILD_DIR}/${FRAMEWORKS_FOLDER_PATH}/Moya_Argo.framework",
				"${TARGET_BUILD_DIR}/${FRAMEWORKS_FOLDER_PATH}/Result.framework",
				"${TARGET_BUILD_DIR}/${FRAMEWORKS_FOLDER_PATH}/Runes.framework",
				"${TARGET_BUILD_DIR}/${FRAMEWORKS_FOLDER_PATH}/SwiftDate.framework",
				"${TARGET_BUILD_DIR}/${FRAMEWORKS_FOLDER_PATH}/SwiftyJSON.framework",
				"${TARGET_BUILD_DIR}/${FRAMEWORKS_FOLDER_PATH}/Toast_Swift.framework",
			);
			runOnlyForDeploymentPostprocessing = 0;
			shellPath = /bin/sh;
			shellScript = "\"${SRCROOT}/Pods/Target Support Files/Pods-ihs-hackathon-hs2/Pods-ihs-hackathon-hs2-frameworks.sh\"\n";
			showEnvVarsInLog = 0;
		};
		922A2E7203C0440B28D018B4 /* [CP] Check Pods Manifest.lock */ = {
			isa = PBXShellScriptBuildPhase;
			buildActionMask = 2147483647;
			files = (
			);
			inputPaths = (
				"${PODS_PODFILE_DIR_PATH}/Podfile.lock",
				"${PODS_ROOT}/Manifest.lock",
			);
			name = "[CP] Check Pods Manifest.lock";
			outputPaths = (
				"$(DERIVED_FILE_DIR)/Pods-ihs-hackathon-hs2-checkManifestLockResult.txt",
			);
			runOnlyForDeploymentPostprocessing = 0;
			shellPath = /bin/sh;
			shellScript = "diff \"${PODS_PODFILE_DIR_PATH}/Podfile.lock\" \"${PODS_ROOT}/Manifest.lock\" > /dev/null\nif [ $? != 0 ] ; then\n    # print error to STDERR\n    echo \"error: The sandbox is not in sync with the Podfile.lock. Run 'pod install' or update your CocoaPods installation.\" >&2\n    exit 1\nfi\n# This output is used by Xcode 'outputs' to avoid re-running this script phase.\necho \"SUCCESS\" > \"${SCRIPT_OUTPUT_FILE_0}\"\n";
			showEnvVarsInLog = 0;
		};
		EE3C9D567D53267EA39E4359 /* [CP] Copy Pods Resources */ = {
			isa = PBXShellScriptBuildPhase;
			buildActionMask = 2147483647;
			files = (
			);
			inputPaths = (
			);
			name = "[CP] Copy Pods Resources";
			outputPaths = (
			);
			runOnlyForDeploymentPostprocessing = 0;
			shellPath = /bin/sh;
			shellScript = "\"${SRCROOT}/Pods/Target Support Files/Pods-ihs-hackathon-hs2/Pods-ihs-hackathon-hs2-resources.sh\"\n";
			showEnvVarsInLog = 0;
		};
/* End PBXShellScriptBuildPhase section */

/* Begin PBXSourcesBuildPhase section */
		446E348D2081EBFF00095209 /* Sources */ = {
			isa = PBXSourcesBuildPhase;
			buildActionMask = 2147483647;
			files = (
				446E34A9208204A500095209 /* LoginViewController.swift in Sources */,
				446E34992081EBFF00095209 /* SecondViewController.swift in Sources */,
				446E34AD20820AF100095209 /* FriendsWorkoutAPI.swift in Sources */,
				446E34B12082119900095209 /* Config.swift in Sources */,
				446E34952081EBFF00095209 /* AppDelegate.swift in Sources */,
				446E34972081EBFF00095209 /* FirstViewController.swift in Sources */,
				446E34AF2082110000095209 /* Utils.swift in Sources */,
				446E34B42082127100095209 /* Authentication.swift in Sources */,
				446E34B6208218A600095209 /* HealthKitManager.swift in Sources */,
			);
			runOnlyForDeploymentPostprocessing = 0;
		};
/* End PBXSourcesBuildPhase section */

/* Begin PBXVariantGroup section */
		446E349A2081EBFF00095209 /* Main.storyboard */ = {
			isa = PBXVariantGroup;
			children = (
				446E349B2081EBFF00095209 /* Base */,
			);
			name = Main.storyboard;
			sourceTree = "<group>";
		};
		446E349F2081EBFF00095209 /* LaunchScreen.storyboard */ = {
			isa = PBXVariantGroup;
			children = (
				446E34A02081EBFF00095209 /* Base */,
			);
			name = LaunchScreen.storyboard;
			sourceTree = "<group>";
		};
/* End PBXVariantGroup section */

/* Begin XCBuildConfiguration section */
		446E34A32081EBFF00095209 /* Debug */ = {
			isa = XCBuildConfiguration;
			buildSettings = {
				ALWAYS_SEARCH_USER_PATHS = NO;
				CLANG_ANALYZER_NONNULL = YES;
				CLANG_ANALYZER_NUMBER_OBJECT_CONVERSION = YES_AGGRESSIVE;
				CLANG_CXX_LANGUAGE_STANDARD = "gnu++14";
				CLANG_CXX_LIBRARY = "libc++";
				CLANG_ENABLE_MODULES = YES;
				CLANG_ENABLE_OBJC_ARC = YES;
				CLANG_WARN_BLOCK_CAPTURE_AUTORELEASING = YES;
				CLANG_WARN_BOOL_CONVERSION = YES;
				CLANG_WARN_COMMA = YES;
				CLANG_WARN_CONSTANT_CONVERSION = YES;
				CLANG_WARN_DIRECT_OBJC_ISA_USAGE = YES_ERROR;
				CLANG_WARN_DOCUMENTATION_COMMENTS = YES;
				CLANG_WARN_EMPTY_BODY = YES;
				CLANG_WARN_ENUM_CONVERSION = YES;
				CLANG_WARN_INFINITE_RECURSION = YES;
				CLANG_WARN_INT_CONVERSION = YES;
				CLANG_WARN_NON_LITERAL_NULL_CONVERSION = YES;
				CLANG_WARN_OBJC_LITERAL_CONVERSION = YES;
				CLANG_WARN_OBJC_ROOT_CLASS = YES_ERROR;
				CLANG_WARN_RANGE_LOOP_ANALYSIS = YES;
				CLANG_WARN_STRICT_PROTOTYPES = YES;
				CLANG_WARN_SUSPICIOUS_MOVE = YES;
				CLANG_WARN_UNGUARDED_AVAILABILITY = YES_AGGRESSIVE;
				CLANG_WARN_UNREACHABLE_CODE = YES;
				CLANG_WARN__DUPLICATE_METHOD_MATCH = YES;
				CODE_SIGN_IDENTITY = "iPhone Developer";
				COPY_PHASE_STRIP = NO;
				DEBUG_INFORMATION_FORMAT = dwarf;
				ENABLE_STRICT_OBJC_MSGSEND = YES;
				ENABLE_TESTABILITY = YES;
				GCC_C_LANGUAGE_STANDARD = gnu11;
				GCC_DYNAMIC_NO_PIC = NO;
				GCC_NO_COMMON_BLOCKS = YES;
				GCC_OPTIMIZATION_LEVEL = 0;
				GCC_PREPROCESSOR_DEFINITIONS = (
					"DEBUG=1",
					"$(inherited)",
				);
				GCC_WARN_64_TO_32_BIT_CONVERSION = YES;
				GCC_WARN_ABOUT_RETURN_TYPE = YES_ERROR;
				GCC_WARN_UNDECLARED_SELECTOR = YES;
				GCC_WARN_UNINITIALIZED_AUTOS = YES_AGGRESSIVE;
				GCC_WARN_UNUSED_FUNCTION = YES;
				GCC_WARN_UNUSED_VARIABLE = YES;
				IPHONEOS_DEPLOYMENT_TARGET = 11.2;
				MTL_ENABLE_DEBUG_INFO = YES;
				ONLY_ACTIVE_ARCH = YES;
				SDKROOT = iphoneos;
				SWIFT_ACTIVE_COMPILATION_CONDITIONS = DEBUG;
				SWIFT_OPTIMIZATION_LEVEL = "-Onone";
			};
			name = Debug;
		};
		446E34A42081EBFF00095209 /* Release */ = {
			isa = XCBuildConfiguration;
			buildSettings = {
				ALWAYS_SEARCH_USER_PATHS = NO;
				CLANG_ANALYZER_NONNULL = YES;
				CLANG_ANALYZER_NUMBER_OBJECT_CONVERSION = YES_AGGRESSIVE;
				CLANG_CXX_LANGUAGE_STANDARD = "gnu++14";
				CLANG_CXX_LIBRARY = "libc++";
				CLANG_ENABLE_MODULES = YES;
				CLANG_ENABLE_OBJC_ARC = YES;
				CLANG_WARN_BLOCK_CAPTURE_AUTORELEASING = YES;
				CLANG_WARN_BOOL_CONVERSION = YES;
				CLANG_WARN_COMMA = YES;
				CLANG_WARN_CONSTANT_CONVERSION = YES;
				CLANG_WARN_DIRECT_OBJC_ISA_USAGE = YES_ERROR;
				CLANG_WARN_DOCUMENTATION_COMMENTS = YES;
				CLANG_WARN_EMPTY_BODY = YES;
				CLANG_WARN_ENUM_CONVERSION = YES;
				CLANG_WARN_INFINITE_RECURSION = YES;
				CLANG_WARN_INT_CONVERSION = YES;
				CLANG_WARN_NON_LITERAL_NULL_CONVERSION = YES;
				CLANG_WARN_OBJC_LITERAL_CONVERSION = YES;
				CLANG_WARN_OBJC_ROOT_CLASS = YES_ERROR;
				CLANG_WARN_RANGE_LOOP_ANALYSIS = YES;
				CLANG_WARN_STRICT_PROTOTYPES = YES;
				CLANG_WARN_SUSPICIOUS_MOVE = YES;
				CLANG_WARN_UNGUARDED_AVAILABILITY = YES_AGGRESSIVE;
				CLANG_WARN_UNREACHABLE_CODE = YES;
				CLANG_WARN__DUPLICATE_METHOD_MATCH = YES;
				CODE_SIGN_IDENTITY = "iPhone Developer";
				COPY_PHASE_STRIP = NO;
				DEBUG_INFORMATION_FORMAT = "dwarf-with-dsym";
				ENABLE_NS_ASSERTIONS = NO;
				ENABLE_STRICT_OBJC_MSGSEND = YES;
				GCC_C_LANGUAGE_STANDARD = gnu11;
				GCC_NO_COMMON_BLOCKS = YES;
				GCC_WARN_64_TO_32_BIT_CONVERSION = YES;
				GCC_WARN_ABOUT_RETURN_TYPE = YES_ERROR;
				GCC_WARN_UNDECLARED_SELECTOR = YES;
				GCC_WARN_UNINITIALIZED_AUTOS = YES_AGGRESSIVE;
				GCC_WARN_UNUSED_FUNCTION = YES;
				GCC_WARN_UNUSED_VARIABLE = YES;
				IPHONEOS_DEPLOYMENT_TARGET = 11.2;
				MTL_ENABLE_DEBUG_INFO = NO;
				SDKROOT = iphoneos;
				SWIFT_OPTIMIZATION_LEVEL = "-Owholemodule";
				VALIDATE_PRODUCT = YES;
			};
			name = Release;
		};
		446E34A62081EBFF00095209 /* Debug */ = {
			isa = XCBuildConfiguration;
			baseConfigurationReference = 3F9222984085222BF94EA3E8 /* Pods-ihs-hackathon-hs2.debug.xcconfig */;
			buildSettings = {
				ASSETCATALOG_COMPILER_APPICON_NAME = AppIcon;
				CODE_SIGN_STYLE = Automatic;
				DEVELOPMENT_TEAM = 6Q4B4T2SEU;
				INFOPLIST_FILE = "ihs-hackathon-hs2/Info.plist";
				LD_RUNPATH_SEARCH_PATHS = "$(inherited) @executable_path/Frameworks";
				PRODUCT_BUNDLE_IDENTIFIER = "hs2.ihs-hackathon-hs2";
				PRODUCT_NAME = "$(TARGET_NAME)";
				SWIFT_VERSION = 4.0;
				TARGETED_DEVICE_FAMILY = "1,2";
			};
			name = Debug;
		};
		446E34A72081EBFF00095209 /* Release */ = {
			isa = XCBuildConfiguration;
			baseConfigurationReference = CE820E89AF0886B8ED43B8B5 /* Pods-ihs-hackathon-hs2.release.xcconfig */;
			buildSettings = {
				ASSETCATALOG_COMPILER_APPICON_NAME = AppIcon;
				CODE_SIGN_STYLE = Automatic;
				DEVELOPMENT_TEAM = 6Q4B4T2SEU;
				INFOPLIST_FILE = "ihs-hackathon-hs2/Info.plist";
				LD_RUNPATH_SEARCH_PATHS = "$(inherited) @executable_path/Frameworks";
				PRODUCT_BUNDLE_IDENTIFIER = "hs2.ihs-hackathon-hs2";
				PRODUCT_NAME = "$(TARGET_NAME)";
				SWIFT_VERSION = 4.0;
				TARGETED_DEVICE_FAMILY = "1,2";
			};
			name = Release;
		};
/* End XCBuildConfiguration section */

/* Begin XCConfigurationList section */
		446E348C2081EBFF00095209 /* Build configuration list for PBXProject "ihs-hackathon-hs2" */ = {
			isa = XCConfigurationList;
			buildConfigurations = (
				446E34A32081EBFF00095209 /* Debug */,
				446E34A42081EBFF00095209 /* Release */,
			);
			defaultConfigurationIsVisible = 0;
			defaultConfigurationName = Release;
		};
		446E34A52081EBFF00095209 /* Build configuration list for PBXNativeTarget "ihs-hackathon-hs2" */ = {
			isa = XCConfigurationList;
			buildConfigurations = (
				446E34A62081EBFF00095209 /* Debug */,
				446E34A72081EBFF00095209 /* Release */,
			);
			defaultConfigurationIsVisible = 0;
			defaultConfigurationName = Release;
		};
/* End XCConfigurationList section */
	};
	rootObject = 446E34892081EBFF00095209 /* Project object */;
}
